
Microsoft Visual Studio Solution File, Format Version 12.00
# Visual Studio Version 16
VisualStudioVersion = 16.0.30611.23
MinimumVisualStudioVersion = 10.0.40219.1
Project("{FAE04EC0-301F-11D3-BF4B-00C04F79EFBC}") = "CryptoAutoTrade", "CryptoAutoTrade\CryptoAutoTrade.csproj", "{FFA66E0E-EC53-4161-9E63-D6D6DFFE464D}"
EndProject
Global
	GlobalSection(SolutionConfigurationPlatforms) = preSolution
		Debug|Any CPU = Debug|Any CPU
		Release|Any CPU = Release|Any CPU
	EndGlobalSection
	GlobalSection(ProjectConfigurationPlatforms) = postSolution
		{FFA66E0E-EC53-4161-9E63-D6D6DFFE464D}.Debug|Any CPU.ActiveCfg = Debug|Any CPU
		{FFA66E0E-EC53-4161-9E63-D6D6DFFE464D}.Debug|Any CPU.Build.0 = Debug|Any CPU
		{FFA66E0E-EC53-4161-9E63-D6D6DFFE464D}.Release|Any CPU.ActiveCfg = Release|Any CPU
		{FFA66E0E-EC53-4161-9E63-D6D6DFFE464D}.Release|Any CPU.Build.0 = Release|Any CPU
	EndGlobalSection
	GlobalSection(SolutionProperties) = preSolution
		HideSolutionNode = FALSE
	EndGlobalSection
	GlobalSection(ExtensibilityGlobals) = postSolution
		SolutionGuid = {2ECF51B5-4E11-4E12-AD70-BF1DDED694EC}
	EndGlobalSection
EndGlobal
